{
  "originHash" : "c6d8c5618f8b5fd1f2ef5f1e1d215762a4e388cd2df943d5d2b2709ce64ecfcf",
  "pins" : [
    {
      "identity" : "swift-collections",
      "kind" : "remoteSourceControl",
      "location" : "https://github.com/apple/swift-collections",
      "state" : {
        "revision" : "8c0c0a8b49e080e54e5e328cc552821ff07cd341",
        "version" : "1.2.1"
      }
    },
    {
      "identity" : "swift-identified-collections",
      "kind" : "remoteSourceControl",
      "location" : "https://github.com/pointfreeco/swift-identified-collections",
      "state" : {
        "revision" : "322d9ffeeba85c9f7c4984b39422ec7cc3c56597",
        "version" : "1.1.1"
      }
    }
  ],
  "version" : 3
}
